// !$*UTF8*$!
{
	archiveVersion = 1;
	classes = {
	};
	objectVersion = 52;
	objects = {

/* Begin PBXBuildFile section */
		6B16492E2552617A00CF4707 /* DismisableHeaderApp.swift in Sources */ = {isa = PBXBuildFile; fileRef = 6B16492D2552617A00CF4707 /* DismisableHeaderApp.swift */; };
		6B1649302552617A00CF4707 /* ContentView.swift in Sources */ = {isa = PBXBuildFile; fileRef = 6B16492F2552617A00CF4707 /* ContentView.swift */; };
		6B1649322552617B00CF4707 /* Assets.xcassets in Resources */ = {isa = PBXBuildFile; fileRef = 6B1649312552617B00CF4707 /* Assets.xcassets */; };
		6B1649352552617B00CF4707 /* Preview Assets.xcassets in Resources */ = {isa = PBXBuildFile; fileRef = 6B1649342552617B00CF4707 /* Preview Assets.xcassets */; };
		6B1649402552617B00CF4707 /* DismisableHeaderTests.swift in Sources */ = {isa = PBXBuildFile; fileRef = 6B16493F2552617B00CF4707 /* DismisableHeaderTests.swift */; };
		6B16494B2552617B00CF4707 /* DismisableHeaderUITests.swift in Sources */ = {isa = PBXBuildFile; fileRef = 6B16494A2552617B00CF4707 /* DismisableHeaderUITests.swift */; };
		6B16495D2552644F00CF4707 /* Introspect in Frameworks */ = {isa = PBXBuildFile; productRef = 6B16495C2552644F00CF4707 /* Introspect */; };
/* End PBXBuildFile section */

/* Begin PBXContainerItemProxy section */
		6B16493C2552617B00CF4707 /* PBXContainerItemProxy */ = {
			isa = PBXContainerItemProxy;
			containerPortal = 6B1649222552617A00CF4707 /* Project object */;
			proxyType = 1;
			remoteGlobalIDString = 6B1649292552617A00CF4707;
			remoteInfo = DismisableHeader;
		};
		6B1649472552617B00CF4707 /* PBXContainerItemProxy */ = {
			isa = PBXContainerItemProxy;
			containerPortal = 6B1649222552617A00CF4707 /* Project object */;
			proxyType = 1;
			remoteGlobalIDString = 6B1649292552617A00CF4707;
			remoteInfo = DismisableHeader;
		};
/* End PBXContainerItemProxy section */

/* Begin PBXFileReference section */
		6B16492A2552617A00CF4707 /* DismisableHeader.app */ = {isa = PBXFileReference; explicitFileType = wrapper.application; includeInIndex = 0; path = DismisableHeader.app; sourceTree = BUILT_PRODUCTS_DIR; };
		6B16492D2552617A00CF4707 /* DismisableHeaderApp.swift */ = {isa = PBXFileReference; lastKnownFileType = sourcecode.swift; path = DismisableHeaderApp.swift; sourceTree = "<group>"; };
		6B16492F2552617A00CF4707 /* ContentView.swift */ = {isa = PBXFileReference; lastKnownFileType = sourcecode.swift; path = ContentView.swift; sourceTree = "<group>"; };
		6B1649312552617B00CF4707 /* Assets.xcassets */ = {isa = PBXFileReference; lastKnownFileType = folder.assetcatalog; path = Assets.xcassets; sourceTree = "<group>"; };
		6B1649342552617B00CF4707 /* Preview Assets.xcassets */ = {isa = PBXFileReference; lastKnownFileType = folder.assetcatalog; path = "Preview Assets.xcassets"; sourceTree = "<group>"; };
		6B1649362552617B00CF4707 /* Info.plist */ = {isa = PBXFileReference; lastKnownFileType = text.plist.xml; path = Info.plist; sourceTree = "<group>"; };
		6B16493B2552617B00CF4707 /* DismisableHeaderTests.xctest */ = {isa = PBXFileReference; explicitFileType = wrapper.cfbundle; includeInIndex = 0; path = DismisableHeaderTests.xctest; sourceTree = BUILT_PRODUCTS_DIR; };
		6B16493F2552617B00CF4707 /* DismisableHeaderTests.swift */ = {isa = PBXFileReference; lastKnownFileType = sourcecode.swift; path = DismisableHeaderTests.swift; sourceTree = "<group>"; };
		6B1649412552617B00CF4707 /* Info.plist */ = {isa = PBXFileReference; lastKnownFileType = text.plist.xml; path = Info.plist; sourceTree = "<group>"; };
		6B1649462552617B00CF4707 /* DismisableHeaderUITests.xctest */ = {isa = PBXFileReference; explicitFileType = wrapper.cfbundle; includeInIndex = 0; path = DismisableHeaderUITests.xctest; sourceTree = BUILT_PRODUCTS_DIR; };
		6B16494A2552617B00CF4707 /* DismisableHeaderUITests.swift */ = {isa = PBXFileReference; lastKnownFileType = sourcecode.swift; path = DismisableHeaderUITests.swift; sourceTree = "<group>"; };
		6B16494C2552617B00CF4707 /* Info.plist */ = {isa = PBXFileReference; lastKnownFileType = text.plist.xml; path = Info.plist; sourceTree = "<group>"; };
/* End PBXFileReference section */

/* Begin PBXFrameworksBuildPhase section */
		6B1649272552617A00CF4707 /* Frameworks */ = {
			isa = PBXFrameworksBuildPhase;
			buildActionMask = 2147483647;
			files = (
				6B16495D2552644F00CF4707 /* Introspect in Frameworks */,
			);
			runOnlyForDeploymentPostprocessing = 0;
		};
		6B1649382552617B00CF4707 /* Frameworks */ = {
			isa = PBXFrameworksBuildPhase;
			buildActionMask = 2147483647;
			files = (
			);
			runOnlyForDeploymentPostprocessing = 0;
		};
		6B1649432552617B00CF4707 /* Frameworks */ = {
			isa = PBXFrameworksBuildPhase;
			buildActionMask = 2147483647;
			files = (
			);
			runOnlyForDeploymentPostprocessing = 0;
		};
/* End PBXFrameworksBuildPhase section */

/* Begin PBXGroup section */
		6B1649212552617A00CF4707 = {
			isa = PBXGroup;
			children = (
				6B16492C2552617A00CF4707 /* DismisableHeader */,
				6B16493E2552617B00CF4707 /* DismisableHeaderTests */,
				6B1649492552617B00CF4707 /* DismisableHeaderUITests */,
				6B16492B2552617A00CF4707 /* Products */,
			);
			sourceTree = "<group>";
		};
		6B16492B2552617A00CF4707 /* Products */ = {
			isa = PBXGroup;
			children = (
				6B16492A2552617A00CF4707 /* DismisableHeader.app */,
				6B16493B2552617B00CF4707 /* DismisableHeaderTests.xctest */,
				6B1649462552617B00CF4707 /* DismisableHeaderUITests.xctest */,
			);
			name = Products;
			sourceTree = "<group>";
		};
		6B16492C2552617A00CF4707 /* DismisableHeader */ = {
			isa = PBXGroup;
			children = (
				6B16492D2552617A00CF4707 /* DismisableHeaderApp.swift */,
				6B16492F2552617A00CF4707 /* ContentView.swift */,
				6B1649312552617B00CF4707 /* Assets.xcassets */,
				6B1649362552617B00CF4707 /* Info.plist */,
				6B1649332552617B00CF4707 /* Preview Content */,
			);
			path = DismisableHeader;
			sourceTree = "<group>";
		};
		6B1649332552617B00CF4707 /* Preview Content */ = {
			isa = PBXGroup;
			children = (
				6B1649342552617B00CF4707 /* Preview Assets.xcassets */,
			);
			path = "Preview Content";
			sourceTree = "<group>";
		};
		6B16493E2552617B00CF4707 /* DismisableHeaderTests */ = {
			isa = PBXGroup;
			children = (
				6B16493F2552617B00CF4707 /* DismisableHeaderTests.swift */,
				6B1649412552617B00CF4707 /* Info.plist */,
			);
			path = DismisableHeaderTests;
			sourceTree = "<group>";
		};
		6B1649492552617B00CF4707 /* DismisableHeaderUITests */ = {
			isa = PBXGroup;
			children = (
				6B16494A2552617B00CF4707 /* DismisableHeaderUITests.swift */,
				6B16494C2552617B00CF4707 /* Info.plist */,
			);
			path = DismisableHeaderUITests;
			sourceTree = "<group>";
		};
/* End PBXGroup section */

/* Begin PBXNativeTarget section */
		6B1649292552617A00CF4707 /* DismisableHeader */ = {
			isa = PBXNativeTarget;
			buildConfigurationList = 6B16494F2552617B00CF4707 /* Build configuration list for PBXNativeTarget "DismisableHeader" */;
			buildPhases = (
				6B1649262552617A00CF4707 /* Sources */,
				6B1649272552617A00CF4707 /* Frameworks */,
				6B1649282552617A00CF4707 /* Resources */,
			);
			buildRules = (
			);
			dependencies = (
			);
			name = DismisableHeader;
			packageProductDependencies = (
				6B16495C2552644F00CF4707 /* Introspect */,
			);
			productName = DismisableHeader;
			productReference = 6B16492A2552617A00CF4707 /* DismisableHeader.app */;
			productType = "com.apple.product-type.application";
		};
		6B16493A2552617B00CF4707 /* DismisableHeaderTests */ = {
			isa = PBXNativeTarget;
			buildConfigurationList = 6B1649522552617B00CF4707 /* Build configuration list for PBXNativeTarget "DismisableHeaderTests" */;
			buildPhases = (
				6B1649372552617B00CF4707 /* Sources */,
				6B1649382552617B00CF4707 /* Frameworks */,
				6B1649392552617B00CF4707 /* Resources */,
			);
			buildRules = (
			);
			dependencies = (
				6B16493D2552617B00CF4707 /* PBXTargetDependency */,
			);
			name = DismisableHeaderTests;
			productName = DismisableHeaderTests;
			productReference = 6B16493B2552617B00CF4707 /* DismisableHeaderTests.xctest */;
			productType = "com.apple.product-type.bundle.unit-test";
		};
		6B1649452552617B00CF4707 /* DismisableHeaderUITests */ = {
			isa = PBXNativeTarget;
			buildConfigurationList = 6B1649552552617B00CF4707 /* Build configuration list for PBXNativeTarget "DismisableHeaderUITests" */;
			buildPhases = (
				6B1649422552617B00CF4707 /* Sources */,
				6B1649432552617B00CF4707 /* Frameworks */,
				6B1649442552617B00CF4707 /* Resources */,
			);
			buildRules = (
			);
			dependencies = (
				6B1649482552617B00CF4707 /* PBXTargetDependency */,
			);
			name = DismisableHeaderUITests;
			productName = DismisableHeaderUITests;
			productReference = 6B1649462552617B00CF4707 /* DismisableHeaderUITests.xctest */;
			productType = "com.apple.product-type.bundle.ui-testing";
		};
/* End PBXNativeTarget section */

/* Begin PBXProject section */
		6B1649222552617A00CF4707 /* Project object */ = {
			isa = PBXProject;
			attributes = {
				LastSwiftUpdateCheck = 1200;
				LastUpgradeCheck = 1200;
				TargetAttributes = {
					6B1649292552617A00CF4707 = {
						CreatedOnToolsVersion = 12.0.1;
					};
					6B16493A2552617B00CF4707 = {
						CreatedOnToolsVersion = 12.0.1;
						TestTargetID = 6B1649292552617A00CF4707;
					};
					6B1649452552617B00CF4707 = {
						CreatedOnToolsVersion = 12.0.1;
						TestTargetID = 6B1649292552617A00CF4707;
					};
				};
			};
			buildConfigurationList = 6B1649252552617A00CF4707 /* Build configuration list for PBXProject "DismisableHeader" */;
			compatibilityVersion = "Xcode 9.3";
			developmentRegion = en;
			hasScannedForEncodings = 0;
			knownRegions = (
				en,
				Base,
			);
			mainGroup = 6B1649212552617A00CF4707;
			packageReferences = (
				6B16495B2552644F00CF4707 /* XCRemoteSwiftPackageReference "SwiftUI-Introspect" */,
			);
			productRefGroup = 6B16492B2552617A00CF4707 /* Products */;
			projectDirPath = "";
			projectRoot = "";
			targets = (
				6B1649292552617A00CF4707 /* DismisableHeader */,
				6B16493A2552617B00CF4707 /* DismisableHeaderTests */,
				6B1649452552617B00CF4707 /* DismisableHeaderUITests */,
			);
		};
/* End PBXProject section */

/* Begin PBXResourcesBuildPhase section */
		6B1649282552617A00CF4707 /* Resources */ = {
			isa = PBXResourcesBuildPhase;
			buildActionMask = 2147483647;
			files = (
				6B1649352552617B00CF4707 /* Preview Assets.xcassets in Resources */,
				6B1649322552617B00CF4707 /* Assets.xcassets in Resources */,
			);
			runOnlyForDeploymentPostprocessing = 0;
		};
		6B1649392552617B00CF4707 /* Resources */ = {
			isa = PBXResourcesBuildPhase;
			buildActionMask = 2147483647;
			files = (
			);
			runOnlyForDeploymentPostprocessing = 0;
		};
		6B1649442552617B00CF4707 /* Resources */ = {
			isa = PBXResourcesBuildPhase;
			buildActionMask = 2147483647;
			files = (
			);
			runOnlyForDeploymentPostprocessing = 0;
		};
/* End PBXResourcesBuildPhase section */

/* Begin PBXSourcesBuildPhase section */
		6B1649262552617A00CF4707 /* Sources */ = {
			isa = PBXSourcesBuildPhase;
			buildActionMask = 2147483647;
			files = (
				6B1649302552617A00CF4707 /* ContentView.swift in Sources */,
				6B16492E2552617A00CF4707 /* DismisableHeaderApp.swift in Sources */,
			);
			runOnlyForDeploymentPostprocessing = 0;
		};
		6B1649372552617B00CF4707 /* Sources */ = {
			isa = PBXSourcesBuildPhase;
			buildActionMask = 2147483647;
			files = (
				6B1649402552617B00CF4707 /* DismisableHeaderTests.swift in Sources */,
			);
			runOnlyForDeploymentPostprocessing = 0;
		};
		6B1649422552617B00CF4707 /* Sources */ = {
			isa = PBXSourcesBuildPhase;
			buildActionMask = 2147483647;
			files = (
				6B16494B2552617B00CF4707 /* DismisableHeaderUITests.swift in Sources */,
			);
			runOnlyForDeploymentPostprocessing = 0;
		};
/* End PBXSourcesBuildPhase section */

/* Begin PBXTargetDependency section */
		6B16493D2552617B00CF4707 /* PBXTargetDependency */ = {
			isa = PBXTargetDependency;
			target = 6B1649292552617A00CF4707 /* DismisableHeader */;
			targetProxy = 6B16493C2552617B00CF4707 /* PBXContainerItemProxy */;
		};
		6B1649482552617B00CF4707 /* PBXTargetDependency */ = {
			isa = PBXTargetDependency;
			target = 6B1649292552617A00CF4707 /* DismisableHeader */;
			targetProxy = 6B1649472552617B00CF4707 /* PBXContainerItemProxy */;
		};
/* End PBXTargetDependency section */

/* Begin XCBuildConfiguration section */
		6B16494D2552617B00CF4707 /* Debug */ = {
			isa = XCBuildConfiguration;
			buildSettings = {
				ALWAYS_SEARCH_USER_PATHS = NO;
				CLANG_ANALYZER_NONNULL = YES;
				CLANG_ANALYZER_NUMBER_OBJECT_CONVERSION = YES_AGGRESSIVE;
				CLANG_CXX_LANGUAGE_STANDARD = "gnu++14";
				CLANG_CXX_LIBRARY = "libc++";
				CLANG_ENABLE_MODULES = YES;
				CLANG_ENABLE_OBJC_ARC = YES;
				CLANG_ENABLE_OBJC_WEAK = YES;
				CLANG_WARN_BLOCK_CAPTURE_AUTORELEASING = YES;
				CLANG_WARN_BOOL_CONVERSION = YES;
				CLANG_WARN_COMMA = YES;
				CLANG_WARN_CONSTANT_CONVERSION = YES;
				CLANG_WARN_DEPRECATED_OBJC_IMPLEMENTATIONS = YES;
				CLANG_WARN_DIRECT_OBJC_ISA_USAGE = YES_ERROR;
				CLANG_WARN_DOCUMENTATION_COMMENTS = YES;
				CLANG_WARN_EMPTY_BODY = YES;
				CLANG_WARN_ENUM_CONVERSION = YES;
				CLANG_WARN_INFINITE_RECURSION = YES;
				CLANG_WARN_INT_CONVERSION = YES;
				CLANG_WARN_NON_LITERAL_NULL_CONVERSION = YES;
				CLANG_WARN_OBJC_IMPLICIT_RETAIN_SELF = YES;
				CLANG_WARN_OBJC_LITERAL_CONVERSION = YES;
				CLANG_WARN_OBJC_ROOT_CLASS = YES_ERROR;
				CLANG_WARN_QUOTED_INCLUDE_IN_FRAMEWORK_HEADER = YES;
				CLANG_WARN_RANGE_LOOP_ANALYSIS = YES;
				CLANG_WARN_STRICT_PROTOTYPES = YES;
				CLANG_WARN_SUSPICIOUS_MOVE = YES;
				CLANG_WARN_UNGUARDED_AVAILABILITY = YES_AGGRESSIVE;
				CLANG_WARN_UNREACHABLE_CODE = YES;
				CLANG_WARN__DUPLICATE_METHOD_MATCH = YES;
				COPY_PHASE_STRIP = NO;
				DEBUG_INFORMATION_FORMAT = dwarf;
				ENABLE_STRICT_OBJC_MSGSEND = YES;
				ENABLE_TESTABILITY = YES;
				GCC_C_LANGUAGE_STANDARD = gnu11;
				GCC_DYNAMIC_NO_PIC = NO;
				GCC_NO_COMMON_BLOCKS = YES;
				GCC_OPTIMIZATION_LEVEL = 0;
				GCC_PREPROCESSOR_DEFINITIONS = (
					"DEBUG=1",
					"$(inherited)",
				);
				GCC_WARN_64_TO_32_BIT_CONVERSION = YES;
				GCC_WARN_ABOUT_RETURN_TYPE = YES_ERROR;
				GCC_WARN_UNDECLARED_SELECTOR = YES;
				GCC_WARN_UNINITIALIZED_AUTOS = YES_AGGRESSIVE;
				GCC_WARN_UNUSED_FUNCTION = YES;
				GCC_WARN_UNUSED_VARIABLE = YES;
				IPHONEOS_DEPLOYMENT_TARGET = 14.0;
				MTL_ENABLE_DEBUG_INFO = INCLUDE_SOURCE;
				MTL_FAST_MATH = YES;
				ONLY_ACTIVE_ARCH = YES;
				SDKROOT = iphoneos;
				SWIFT_ACTIVE_COMPILATION_CONDITIONS = DEBUG;
				SWIFT_OPTIMIZATION_LEVEL = "-Onone";
			};
			name = Debug;
		};
		6B16494E2552617B00CF4707 /* Release */ = {
			isa = XCBuildConfiguration;
			buildSettings = {
				ALWAYS_SEARCH_USER_PATHS = NO;
				CLANG_ANALYZER_NONNULL = YES;
				CLANG_ANALYZER_NUMBER_OBJECT_CONVERSION = YES_AGGRESSIVE;
				CLANG_CXX_LANGUAGE_STANDARD = "gnu++14";
				CLANG_CXX_LIBRARY = "libc++";
				CLANG_ENABLE_MODULES = YES;
				CLANG_ENABLE_OBJC_ARC = YES;
				CLANG_ENABLE_OBJC_WEAK = YES;
				CLANG_WARN_BLOCK_CAPTURE_AUTORELEASING = YES;
				CLANG_WARN_BOOL_CONVERSION = YES;
				CLANG_WARN_COMMA = YES;
				CLANG_WARN_CONSTANT_CONVERSION = YES;
				CLANG_WARN_DEPRECATED_OBJC_IMPLEMENTATIONS = YES;
				CLANG_WARN_DIRECT_OBJC_ISA_USAGE = YES_ERROR;
				CLANG_WARN_DOCUMENTATION_COMMENTS = YES;
				CLANG_WARN_EMPTY_BODY = YES;
				CLANG_WARN_ENUM_CONVERSION = YES;
				CLANG_WARN_INFINITE_RECURSION = YES;
				CLANG_WARN_INT_CONVERSION = YES;
				CLANG_WARN_NON_LITERAL_NULL_CONVERSION = YES;
				CLANG_WARN_OBJC_IMPLICIT_RETAIN_SELF = YES;
				CLANG_WARN_OBJC_LITERAL_CONVERSION = YES;
				CLANG_WARN_OBJC_ROOT_CLASS = YES_ERROR;
				CLANG_WARN_QUOTED_INCLUDE_IN_FRAMEWORK_HEADER = YES;
				CLANG_WARN_RANGE_LOOP_ANALYSIS = YES;
				CLANG_WARN_STRICT_PROTOTYPES = YES;
				CLANG_WARN_SUSPICIOUS_MOVE = YES;
				CLANG_WARN_UNGUARDED_AVAILABILITY = YES_AGGRESSIVE;
				CLANG_WARN_UNREACHABLE_CODE = YES;
				CLANG_WARN__DUPLICATE_METHOD_MATCH = YES;
				COPY_PHASE_STRIP = NO;
				DEBUG_INFORMATION_FORMAT = "dwarf-with-dsym";
				ENABLE_NS_ASSERTIONS = NO;
				ENABLE_STRICT_OBJC_MSGSEND = YES;
				GCC_C_LANGUAGE_STANDARD = gnu11;
				GCC_NO_COMMON_BLOCKS = YES;
				GCC_WARN_64_TO_32_BIT_CONVERSION = YES;
				GCC_WARN_ABOUT_RETURN_TYPE = YES_ERROR;
				GCC_WARN_UNDECLARED_SELECTOR = YES;
				GCC_WARN_UNINITIALIZED_AUTOS = YES_AGGRESSIVE;
				GCC_WARN_UNUSED_FUNCTION = YES;
				GCC_WARN_UNUSED_VARIABLE = YES;
				IPHONEOS_DEPLOYMENT_TARGET = 14.0;
				MTL_ENABLE_DEBUG_INFO = NO;
				MTL_FAST_MATH = YES;
				SDKROOT = iphoneos;
				SWIFT_COMPILATION_MODE = wholemodule;
				SWIFT_OPTIMIZATION_LEVEL = "-O";
				VALIDATE_PRODUCT = YES;
			};
			name = Release;
		};
		6B1649502552617B00CF4707 /* Debug */ = {
			isa = XCBuildConfiguration;
			buildSettings = {
				ASSETCATALOG_COMPILER_APPICON_NAME = AppIcon;
				ASSETCATALOG_COMPILER_GLOBAL_ACCENT_COLOR_NAME = AccentColor;
				CODE_SIGN_STYLE = Automatic;
				DEVELOPMENT_ASSET_PATHS = "\"DismisableHeader/Preview Content\"";
				DEVELOPMENT_TEAM = 29C6ELZ3SW;
				ENABLE_PREVIEWS = YES;
				INFOPLIST_FILE = DismisableHeader/Info.plist;
				IPHONEOS_DEPLOYMENT_TARGET = 14.0;
				LD_RUNPATH_SEARCH_PATHS = (
					"$(inherited)",
					"@executable_path/Frameworks",
				);
				PRODUCT_BUNDLE_IDENTIFIER = jp.co.chocoyama.DismisableHeader;
				PRODUCT_NAME = "$(TARGET_NAME)";
				SWIFT_VERSION = 5.0;
				TARGETED_DEVICE_FAMILY = "1,2";
			};
			name = Debug;
		};
		6B1649512552617B00CF4707 /* Release */ = {
			isa = XCBuildConfiguration;
			buildSettings = {
				ASSETCATALOG_COMPILER_APPICON_NAME = AppIcon;
				ASSETCATALOG_COMPILER_GLOBAL_ACCENT_COLOR_NAME = AccentColor;
				CODE_SIGN_STYLE = Automatic;
				DEVELOPMENT_ASSET_PATHS = "\"DismisableHeader/Preview Content\"";
				DEVELOPMENT_TEAM = 29C6ELZ3SW;
				ENABLE_PREVIEWS = YES;
				INFOPLIST_FILE = DismisableHeader/Info.plist;
				IPHONEOS_DEPLOYMENT_TARGET = 14.0;
				LD_RUNPATH_SEARCH_PATHS = (
					"$(inherited)",
					"@executable_path/Frameworks",
				);
				PRODUCT_BUNDLE_IDENTIFIER = jp.co.chocoyama.DismisableHeader;
				PRODUCT_NAME = "$(TARGET_NAME)";
				SWIFT_VERSION = 5.0;
				TARGETED_DEVICE_FAMILY = "1,2";
			};
			name = Release;
		};
		6B1649532552617B00CF4707 /* Debug */ = {
			isa = XCBuildConfiguration;
			buildSettings = {
				ALWAYS_EMBED_SWIFT_STANDARD_LIBRARIES = YES;
				BUNDLE_LOADER = "$(TEST_HOST)";
				CODE_SIGN_STYLE = Automatic;
				DEVELOPMENT_TEAM = 29C6ELZ3SW;
				INFOPLIST_FILE = DismisableHeaderTests/Info.plist;
				IPHONEOS_DEPLOYMENT_TARGET = 14.0;
				LD_RUNPATH_SEARCH_PATHS = (
					"$(inherited)",
					"@executable_path/Frameworks",
					"@loader_path/Frameworks",
				);
				PRODUCT_BUNDLE_IDENTIFIER = jp.co.chocoyama.DismisableHeaderTests;
				PRODUCT_NAME = "$(TARGET_NAME)";
				SWIFT_VERSION = 5.0;
				TARGETED_DEVICE_FAMILY = "1,2";
				TEST_HOST = "$(BUILT_PRODUCTS_DIR)/DismisableHeader.app/DismisableHeader";
			};
			name = Debug;
		};
		6B1649542552617B00CF4707 /* Release */ = {
			isa = XCBuildConfiguration;
			buildSettings = {
				ALWAYS_EMBED_SWIFT_STANDARD_LIBRARIES = YES;
				BUNDLE_LOADER = "$(TEST_HOST)";
				CODE_SIGN_STYLE = Automatic;
				DEVELOPMENT_TEAM = 29C6ELZ3SW;
				INFOPLIST_FILE = DismisableHeaderTests/Info.plist;
				IPHONEOS_DEPLOYMENT_TARGET = 14.0;
				LD_RUNPATH_SEARCH_PATHS = (
					"$(inherited)",
					"@executable_path/Frameworks",
					"@loader_path/Frameworks",
				);
				PRODUCT_BUNDLE_IDENTIFIER = jp.co.chocoyama.DismisableHeaderTests;
				PRODUCT_NAME = "$(TARGET_NAME)";
				SWIFT_VERSION = 5.0;
				TARGETED_DEVICE_FAMILY = "1,2";
				TEST_HOST = "$(BUILT_PRODUCTS_DIR)/DismisableHeader.app/DismisableHeader";
			};
			name = Release;
		};
		6B1649562552617B00CF4707 /* Debug */ = {
			isa = XCBuildConfiguration;
			buildSettings = {
				ALWAYS_EMBED_SWIFT_STANDARD_LIBRARIES = YES;
				CODE_SIGN_STYLE = Automatic;
				DEVELOPMENT_TEAM = 29C6ELZ3SW;
				INFOPLIST_FILE = DismisableHeaderUITests/Info.plist;
				LD_RUNPATH_SEARCH_PATHS = (
					"$(inherited)",
					"@executable_path/Frameworks",
					"@loader_path/Frameworks",
				);
				PRODUCT_BUNDLE_IDENTIFIER = jp.co.chocoyama.DismisableHeaderUITests;
				PRODUCT_NAME = "$(TARGET_NAME)";
				SWIFT_VERSION = 5.0;
				TARGETED_DEVICE_FAMILY = "1,2";
				TEST_TARGET_NAME = DismisableHeader;
			};
			name = Debug;
		};
		6B1649572552617B00CF4707 /* Release */ = {
			isa = XCBuildConfiguration;
			buildSettings = {
				ALWAYS_EMBED_SWIFT_STANDARD_LIBRARIES = YES;
				CODE_SIGN_STYLE = Automatic;
				DEVELOPMENT_TEAM = 29C6ELZ3SW;
				INFOPLIST_FILE = DismisableHeaderUITests/Info.plist;
				LD_RUNPATH_SEARCH_PATHS = (
					"$(inherited)",
					"@executable_path/Frameworks",
					"@loader_path/Frameworks",
				);
				PRODUCT_BUNDLE_IDENTIFIER = jp.co.chocoyama.DismisableHeaderUITests;
				PRODUCT_NAME = "$(TARGET_NAME)";
				SWIFT_VERSION = 5.0;
				TARGETED_DEVICE_FAMILY = "1,2";
				TEST_TARGET_NAME = DismisableHeader;
			};
			name = Release;
		};
/* End XCBuildConfiguration section */

/* Begin XCConfigurationList section */
		6B1649252552617A00CF4707 /* Build configuration list for PBXProject "DismisableHeader" */ = {
			isa = XCConfigurationList;
			buildConfigurations = (
				6B16494D2552617B00CF4707 /* Debug */,
				6B16494E2552617B00CF4707 /* Release */,
			);
			defaultConfigurationIsVisible = 0;
			defaultConfigurationName = Release;
		};
		6B16494F2552617B00CF4707 /* Build configuration list for PBXNativeTarget "DismisableHeader" */ = {
			isa = XCConfigurationList;
			buildConfigurations = (
				6B1649502552617B00CF4707 /* Debug */,
				6B1649512552617B00CF4707 /* Release */,
			);
			defaultConfigurationIsVisible = 0;
			defaultConfigurationName = Release;
		};
		6B1649522552617B00CF4707 /* Build configuration list for PBXNativeTarget "DismisableHeaderTests" */ = {
			isa = XCConfigurationList;
			buildConfigurations = (
				6B1649532552617B00CF4707 /* Debug */,
				6B1649542552617B00CF4707 /* Release */,
			);
			defaultConfigurationIsVisible = 0;
			defaultConfigurationName = Release;
		};
		6B1649552552617B00CF4707 /* Build configuration list for PBXNativeTarget "DismisableHeaderUITests" */ = {
			isa = XCConfigurationList;
			buildConfigurations = (
				6B1649562552617B00CF4707 /* Debug */,
				6B1649572552617B00CF4707 /* Release */,
			);
			defaultConfigurationIsVisible = 0;
			defaultConfigurationName = Release;
		};
/* End XCConfigurationList section */

/* Begin XCRemoteSwiftPackageReference section */
		6B16495B2552644F00CF4707 /* XCRemoteSwiftPackageReference "SwiftUI-Introspect" */ = {
			isa = XCRemoteSwiftPackageReference;
			repositoryURL = "https://github.com/siteline/SwiftUI-Introspect.git";
			requirement = {
				kind = upToNextMajorVersion;
				minimumVersion = 0.1.1;
			};
		};
/* End XCRemoteSwiftPackageReference section */

/* Begin XCSwiftPackageProductDependency section */
		6B16495C2552644F00CF4707 /* Introspect */ = {
			isa = XCSwiftPackageProductDependency;
			package = 6B16495B2552644F00CF4707 /* XCRemoteSwiftPackageReference "SwiftUI-Introspect" */;
			productName = Introspect;
		};
/* End XCSwiftPackageProductDependency section */
	};
	rootObject = 6B1649222552617A00CF4707 /* Project object */;
}
